
Microsoft Visual Studio Solution File, Format Version 12.00
# Visual Studio 15
Project("{FAE04EC0-301F-11D3-BF4B-00C04F79EFBC}") = "Challenge8", "Challenge8\Challenge8.csproj", "{5CEAEADB-91B2-4BAA-B23C-A13F2687897C}"
EndProject
Global
	GlobalSection(SolutionConfigurationPlatforms) = preSolution
		Debug|anycpu = Debug|anycpu
		Release|anycpu = Release|anycpu
	EndGlobalSection
	GlobalSection(ProjectConfigurationPlatforms) = postSolution
		{5CEAEADB-91B2-4BAA-B23C-A13F2687897C}.Debug|anycpu.ActiveCfg = Debug|anycpu
		{5CEAEADB-91B2-4BAA-B23C-A13F2687897C}.Debug|anycpu.Build.0 = Debug|anycpu
		{5CEAEADB-91B2-4BAA-B23C-A13F2687897C}.Release|anycpu.ActiveCfg = Release|anycpu
		{5CEAEADB-91B2-4BAA-B23C-A13F2687897C}.Release|anycpu.Build.0 = Release|anycpu
	EndGlobalSection
EndGlobal
